
Microsoft Visual Studio Solution File, Format Version 10.00
# Visual Studio 2008
Project("{8BC9CEB8-8B4A-11D0-8D11-00A0C91BC942}") = "死月视频播放库[测试项目]", "机器播放客户端\机器播放客户端.vcproj", "{6225304A-E290-49CC-B757-D0D40F58EB7E}"
	ProjectSection(ProjectDependencies) = postProject
		{774FBD39-9958-49CC-80FB-36B51E6D7A49} = {774FBD39-9958-49CC-80FB-36B51E6D7A49}
		{B1CB4C9F-EF60-4FB9-B743-3C811F5520CE} = {B1CB4C9F-EF60-4FB9-B743-3C811F5520CE}
	EndProjectSection
EndProject
Project("{8BC9CEB8-8B4A-11D0-8D11-00A0C91BC942}") = "死月视频播放库", "死月视频播放库\死月视频播放库.vcproj", "{774FBD39-9958-49CC-80FB-36B51E6D7A49}"
EndProject
Project("{8BC9CEB8-8B4A-11D0-8D11-00A0C91BC942}") = "通用类库", "通用类库\通用类库.vcproj", "{B1CB4C9F-EF60-4FB9-B743-3C811F5520CE}"
EndProject
Project("{8BC9CEB8-8B4A-11D0-8D11-00A0C91BC942}") = "通用类库[测试项目]", "通用类库[测试项目]\通用类库[测试项目].vcproj", "{4B3D9D2D-BD98-4983-9F1E-3F3F805B00E2}"
	ProjectSection(ProjectDependencies) = postProject
		{B1CB4C9F-EF60-4FB9-B743-3C811F5520CE} = {B1CB4C9F-EF60-4FB9-B743-3C811F5520CE}
	EndProjectSection
EndProject
Project("{8BC9CEB8-8B4A-11D0-8D11-00A0C91BC942}") = "KTV点播端", "KTV点播端\KTV点播端.vcproj", "{0DABF8F2-B629-42F2-BEFA-DAA494E50CEA}"
EndProject
Project("{8BC9CEB8-8B4A-11D0-8D11-00A0C91BC942}") = "网络测试[SERVER]", "网络测试[SERVER]\网络测试[SERVER].vcproj", "{14B529B4-869F-45CE-88AC-75A0A0E4E6D2}"
EndProject
Project("{8BC9CEB8-8B4A-11D0-8D11-00A0C91BC942}") = "网络测试[CLIENT]", "网络测试[CLIENT]\网络测试[CLIENT].vcproj", "{8E78A5C3-5B13-46C7-8410-A8C406CF6627}"
EndProject
Project("{8BC9CEB8-8B4A-11D0-8D11-00A0C91BC942}") = "KTV播放端", "KTV播放端\KTV播放端.vcproj", "{773F8C6A-5EF6-4A51-B02B-A331FA9313AA}"
EndProject
Project("{FAE04EC0-301F-11D3-BF4B-00C04F79EFBC}") = "前台系统", "前台系统\前台系统.csproj", "{F0F5BB38-8C9C-43A4-8A26-FF22915C974C}"
EndProject
Global
	GlobalSection(SolutionConfigurationPlatforms) = preSolution
		Debug|.NET = Debug|.NET
		Debug|Any CPU = Debug|Any CPU
		Debug|Mixed Platforms = Debug|Mixed Platforms
		Debug|Win32 = Debug|Win32
		Release|.NET = Release|.NET
		Release|Any CPU = Release|Any CPU
		Release|Mixed Platforms = Release|Mixed Platforms
		Release|Win32 = Release|Win32
	EndGlobalSection
	GlobalSection(ProjectConfigurationPlatforms) = postSolution
		{6225304A-E290-49CC-B757-D0D40F58EB7E}.Debug|.NET.ActiveCfg = Debug|Win32
		{6225304A-E290-49CC-B757-D0D40F58EB7E}.Debug|Any CPU.ActiveCfg = Debug|Win32
		{6225304A-E290-49CC-B757-D0D40F58EB7E}.Debug|Mixed Platforms.ActiveCfg = Debug|Win32
		{6225304A-E290-49CC-B757-D0D40F58EB7E}.Debug|Mixed Platforms.Build.0 = Debug|Win32
		{6225304A-E290-49CC-B757-D0D40F58EB7E}.Debug|Win32.ActiveCfg = Debug|Win32
		{6225304A-E290-49CC-B757-D0D40F58EB7E}.Debug|Win32.Build.0 = Debug|Win32
		{6225304A-E290-49CC-B757-D0D40F58EB7E}.Release|.NET.ActiveCfg = Release|Win32
		{6225304A-E290-49CC-B757-D0D40F58EB7E}.Release|Any CPU.ActiveCfg = Release|Win32
		{6225304A-E290-49CC-B757-D0D40F58EB7E}.Release|Mixed Platforms.ActiveCfg = Release|Win32
		{6225304A-E290-49CC-B757-D0D40F58EB7E}.Release|Mixed Platforms.Build.0 = Release|Win32
		{6225304A-E290-49CC-B757-D0D40F58EB7E}.Release|Win32.ActiveCfg = Release|Win32
		{6225304A-E290-49CC-B757-D0D40F58EB7E}.Release|Win32.Build.0 = Release|Win32
		{774FBD39-9958-49CC-80FB-36B51E6D7A49}.Debug|.NET.ActiveCfg = Debug|Win32
		{774FBD39-9958-49CC-80FB-36B51E6D7A49}.Debug|Any CPU.ActiveCfg = Debug|Win32
		{774FBD39-9958-49CC-80FB-36B51E6D7A49}.Debug|Mixed Platforms.ActiveCfg = Debug|Win32
		{774FBD39-9958-49CC-80FB-36B51E6D7A49}.Debug|Mixed Platforms.Build.0 = Debug|Win32
		{774FBD39-9958-49CC-80FB-36B51E6D7A49}.Debug|Win32.ActiveCfg = Debug|Win32
		{774FBD39-9958-49CC-80FB-36B51E6D7A49}.Debug|Win32.Build.0 = Debug|Win32
		{774FBD39-9958-49CC-80FB-36B51E6D7A49}.Release|.NET.ActiveCfg = Release|Win32
		{774FBD39-9958-49CC-80FB-36B51E6D7A49}.Release|Any CPU.ActiveCfg = Release|Win32
		{774FBD39-9958-49CC-80FB-36B51E6D7A49}.Release|Mixed Platforms.ActiveCfg = Release|Win32
		{774FBD39-9958-49CC-80FB-36B51E6D7A49}.Release|Mixed Platforms.Build.0 = Release|Win32
		{774FBD39-9958-49CC-80FB-36B51E6D7A49}.Release|Win32.ActiveCfg = Release|Win32
		{774FBD39-9958-49CC-80FB-36B51E6D7A49}.Release|Win32.Build.0 = Release|Win32
		{B1CB4C9F-EF60-4FB9-B743-3C811F5520CE}.Debug|.NET.ActiveCfg = Debug|Win32
		{B1CB4C9F-EF60-4FB9-B743-3C811F5520CE}.Debug|Any CPU.ActiveCfg = Debug|Win32
		{B1CB4C9F-EF60-4FB9-B743-3C811F5520CE}.Debug|Mixed Platforms.ActiveCfg = Debug|Win32
		{B1CB4C9F-EF60-4FB9-B743-3C811F5520CE}.Debug|Mixed Platforms.Build.0 = Debug|Win32
		{B1CB4C9F-EF60-4FB9-B743-3C811F5520CE}.Debug|Win32.ActiveCfg = Debug|Win32
		{B1CB4C9F-EF60-4FB9-B743-3C811F5520CE}.Debug|Win32.Build.0 = Debug|Win32
		{B1CB4C9F-EF60-4FB9-B743-3C811F5520CE}.Release|.NET.ActiveCfg = Release|Win32
		{B1CB4C9F-EF60-4FB9-B743-3C811F5520CE}.Release|Any CPU.ActiveCfg = Release|Win32
		{B1CB4C9F-EF60-4FB9-B743-3C811F5520CE}.Release|Mixed Platforms.ActiveCfg = Release|Win32
		{B1CB4C9F-EF60-4FB9-B743-3C811F5520CE}.Release|Mixed Platforms.Build.0 = Release|Win32
		{B1CB4C9F-EF60-4FB9-B743-3C811F5520CE}.Release|Win32.ActiveCfg = Release|Win32
		{B1CB4C9F-EF60-4FB9-B743-3C811F5520CE}.Release|Win32.Build.0 = Release|Win32
		{4B3D9D2D-BD98-4983-9F1E-3F3F805B00E2}.Debug|.NET.ActiveCfg = Debug|Win32
		{4B3D9D2D-BD98-4983-9F1E-3F3F805B00E2}.Debug|Any CPU.ActiveCfg = Debug|Win32
		{4B3D9D2D-BD98-4983-9F1E-3F3F805B00E2}.Debug|Mixed Platforms.ActiveCfg = Debug|Win32
		{4B3D9D2D-BD98-4983-9F1E-3F3F805B00E2}.Debug|Mixed Platforms.Build.0 = Debug|Win32
		{4B3D9D2D-BD98-4983-9F1E-3F3F805B00E2}.Debug|Win32.ActiveCfg = Debug|Win32
		{4B3D9D2D-BD98-4983-9F1E-3F3F805B00E2}.Debug|Win32.Build.0 = Debug|Win32
		{4B3D9D2D-BD98-4983-9F1E-3F3F805B00E2}.Release|.NET.ActiveCfg = Release|Win32
		{4B3D9D2D-BD98-4983-9F1E-3F3F805B00E2}.Release|Any CPU.ActiveCfg = Release|Win32
		{4B3D9D2D-BD98-4983-9F1E-3F3F805B00E2}.Release|Mixed Platforms.ActiveCfg = Release|Win32
		{4B3D9D2D-BD98-4983-9F1E-3F3F805B00E2}.Release|Mixed Platforms.Build.0 = Release|Win32
		{4B3D9D2D-BD98-4983-9F1E-3F3F805B00E2}.Release|Win32.ActiveCfg = Release|Win32
		{4B3D9D2D-BD98-4983-9F1E-3F3F805B00E2}.Release|Win32.Build.0 = Release|Win32
		{0DABF8F2-B629-42F2-BEFA-DAA494E50CEA}.Debug|.NET.ActiveCfg = Debug|Win32
		{0DABF8F2-B629-42F2-BEFA-DAA494E50CEA}.Debug|Any CPU.ActiveCfg = Debug|Win32
		{0DABF8F2-B629-42F2-BEFA-DAA494E50CEA}.Debug|Mixed Platforms.ActiveCfg = Debug|Win32
		{0DABF8F2-B629-42F2-BEFA-DAA494E50CEA}.Debug|Mixed Platforms.Build.0 = Debug|Win32
		{0DABF8F2-B629-42F2-BEFA-DAA494E50CEA}.Debug|Win32.ActiveCfg = Debug|Win32
		{0DABF8F2-B629-42F2-BEFA-DAA494E50CEA}.Debug|Win32.Build.0 = Debug|Win32
		{0DABF8F2-B629-42F2-BEFA-DAA494E50CEA}.Release|.NET.ActiveCfg = Release|Win32
		{0DABF8F2-B629-42F2-BEFA-DAA494E50CEA}.Release|Any CPU.ActiveCfg = Release|Win32
		{0DABF8F2-B629-42F2-BEFA-DAA494E50CEA}.Release|Mixed Platforms.ActiveCfg = Release|Win32
		{0DABF8F2-B629-42F2-BEFA-DAA494E50CEA}.Release|Mixed Platforms.Build.0 = Release|Win32
		{0DABF8F2-B629-42F2-BEFA-DAA494E50CEA}.Release|Win32.ActiveCfg = Release|Win32
		{0DABF8F2-B629-42F2-BEFA-DAA494E50CEA}.Release|Win32.Build.0 = Release|Win32
		{14B529B4-869F-45CE-88AC-75A0A0E4E6D2}.Debug|.NET.ActiveCfg = Debug|Win32
		{14B529B4-869F-45CE-88AC-75A0A0E4E6D2}.Debug|Any CPU.ActiveCfg = Debug|Win32
		{14B529B4-869F-45CE-88AC-75A0A0E4E6D2}.Debug|Mixed Platforms.ActiveCfg = Debug|Win32
		{14B529B4-869F-45CE-88AC-75A0A0E4E6D2}.Debug|Mixed Platforms.Build.0 = Debug|Win32
		{14B529B4-869F-45CE-88AC-75A0A0E4E6D2}.Debug|Win32.ActiveCfg = Debug|Win32
		{14B529B4-869F-45CE-88AC-75A0A0E4E6D2}.Debug|Win32.Build.0 = Debug|Win32
		{14B529B4-869F-45CE-88AC-75A0A0E4E6D2}.Release|.NET.ActiveCfg = Release|Win32
		{14B529B4-869F-45CE-88AC-75A0A0E4E6D2}.Release|Any CPU.ActiveCfg = Release|Win32
		{14B529B4-869F-45CE-88AC-75A0A0E4E6D2}.Release|Mixed Platforms.ActiveCfg = Release|Win32
		{14B529B4-869F-45CE-88AC-75A0A0E4E6D2}.Release|Mixed Platforms.Build.0 = Release|Win32
		{14B529B4-869F-45CE-88AC-75A0A0E4E6D2}.Release|Win32.ActiveCfg = Release|Win32
		{14B529B4-869F-45CE-88AC-75A0A0E4E6D2}.Release|Win32.Build.0 = Release|Win32
		{8E78A5C3-5B13-46C7-8410-A8C406CF6627}.Debug|.NET.ActiveCfg = Debug|Win32
		{8E78A5C3-5B13-46C7-8410-A8C406CF6627}.Debug|Any CPU.ActiveCfg = Debug|Win32
		{8E78A5C3-5B13-46C7-8410-A8C406CF6627}.Debug|Mixed Platforms.ActiveCfg = Debug|Win32
		{8E78A5C3-5B13-46C7-8410-A8C406CF6627}.Debug|Mixed Platforms.Build.0 = Debug|Win32
		{8E78A5C3-5B13-46C7-8410-A8C406CF6627}.Debug|Win32.ActiveCfg = Debug|Win32
		{8E78A5C3-5B13-46C7-8410-A8C406CF6627}.Debug|Win32.Build.0 = Debug|Win32
		{8E78A5C3-5B13-46C7-8410-A8C406CF6627}.Release|.NET.ActiveCfg = Release|Win32
		{8E78A5C3-5B13-46C7-8410-A8C406CF6627}.Release|Any CPU.ActiveCfg = Release|Win32
		{8E78A5C3-5B13-46C7-8410-A8C406CF6627}.Release|Mixed Platforms.ActiveCfg = Release|Win32
		{8E78A5C3-5B13-46C7-8410-A8C406CF6627}.Release|Mixed Platforms.Build.0 = Release|Win32
		{8E78A5C3-5B13-46C7-8410-A8C406CF6627}.Release|Win32.ActiveCfg = Release|Win32
		{8E78A5C3-5B13-46C7-8410-A8C406CF6627}.Release|Win32.Build.0 = Release|Win32
		{773F8C6A-5EF6-4A51-B02B-A331FA9313AA}.Debug|.NET.ActiveCfg = Debug|Win32
		{773F8C6A-5EF6-4A51-B02B-A331FA9313AA}.Debug|Any CPU.ActiveCfg = Debug|Win32
		{773F8C6A-5EF6-4A51-B02B-A331FA9313AA}.Debug|Mixed Platforms.ActiveCfg = Debug|Win32
		{773F8C6A-5EF6-4A51-B02B-A331FA9313AA}.Debug|Mixed Platforms.Build.0 = Debug|Win32
		{773F8C6A-5EF6-4A51-B02B-A331FA9313AA}.Debug|Win32.ActiveCfg = Debug|Win32
		{773F8C6A-5EF6-4A51-B02B-A331FA9313AA}.Debug|Win32.Build.0 = Debug|Win32
		{773F8C6A-5EF6-4A51-B02B-A331FA9313AA}.Release|.NET.ActiveCfg = Release|Win32
		{773F8C6A-5EF6-4A51-B02B-A331FA9313AA}.Release|Any CPU.ActiveCfg = Release|Win32
		{773F8C6A-5EF6-4A51-B02B-A331FA9313AA}.Release|Mixed Platforms.ActiveCfg = Release|Win32
		{773F8C6A-5EF6-4A51-B02B-A331FA9313AA}.Release|Mixed Platforms.Build.0 = Release|Win32
		{773F8C6A-5EF6-4A51-B02B-A331FA9313AA}.Release|Win32.ActiveCfg = Release|Win32
		{773F8C6A-5EF6-4A51-B02B-A331FA9313AA}.Release|Win32.Build.0 = Release|Win32
		{F0F5BB38-8C9C-43A4-8A26-FF22915C974C}.Debug|.NET.ActiveCfg = Debug|Any CPU
		{F0F5BB38-8C9C-43A4-8A26-FF22915C974C}.Debug|Any CPU.ActiveCfg = Debug|Any CPU
		{F0F5BB38-8C9C-43A4-8A26-FF22915C974C}.Debug|Any CPU.Build.0 = Debug|Any CPU
		{F0F5BB38-8C9C-43A4-8A26-FF22915C974C}.Debug|Mixed Platforms.ActiveCfg = Debug|Any CPU
		{F0F5BB38-8C9C-43A4-8A26-FF22915C974C}.Debug|Mixed Platforms.Build.0 = Debug|Any CPU
		{F0F5BB38-8C9C-43A4-8A26-FF22915C974C}.Debug|Win32.ActiveCfg = Debug|Any CPU
		{F0F5BB38-8C9C-43A4-8A26-FF22915C974C}.Release|.NET.ActiveCfg = Release|Any CPU
		{F0F5BB38-8C9C-43A4-8A26-FF22915C974C}.Release|Any CPU.ActiveCfg = Release|Any CPU
		{F0F5BB38-8C9C-43A4-8A26-FF22915C974C}.Release|Any CPU.Build.0 = Release|Any CPU
		{F0F5BB38-8C9C-43A4-8A26-FF22915C974C}.Release|Mixed Platforms.ActiveCfg = Release|Any CPU
		{F0F5BB38-8C9C-43A4-8A26-FF22915C974C}.Release|Mixed Platforms.Build.0 = Release|Any CPU
		{F0F5BB38-8C9C-43A4-8A26-FF22915C974C}.Release|Win32.ActiveCfg = Release|Any CPU
	EndGlobalSection
	GlobalSection(SolutionProperties) = preSolution
		HideSolutionNode = FALSE
	EndGlobalSection
EndGlobal
